
Microsoft Visual Studio Solution File, Format Version 12.00
# Visual Studio Version 16
VisualStudioVersion = 16.0.30413.136
MinimumVisualStudioVersion = 10.0.40219.1
Project("{FAE04EC0-301F-11D3-BF4B-00C04F79EFBC}") = "Surfer", "Surfer\Surfer.csproj", "{5FF4C8BF-20DC-4812-AE2E-A4A719D7EE3C}"
EndProject
Global
	GlobalSection(SolutionConfigurationPlatforms) = preSolution
		Debug|Any CPU = Debug|Any CPU
		Release|Any CPU = Release|Any CPU
	EndGlobalSection
	GlobalSection(ProjectConfigurationPlatforms) = postSolution
		{5FF4C8BF-20DC-4812-AE2E-A4A719D7EE3C}.Debug|Any CPU.ActiveCfg = Debug|Any CPU
		{5FF4C8BF-20DC-4812-AE2E-A4A719D7EE3C}.Debug|Any CPU.Build.0 = Debug|Any CPU
		{5FF4C8BF-20DC-4812-AE2E-A4A719D7EE3C}.Release|Any CPU.ActiveCfg = Release|Any CPU
		{5FF4C8BF-20DC-4812-AE2E-A4A719D7EE3C}.Release|Any CPU.Build.0 = Release|Any CPU
	EndGlobalSection
	GlobalSection(SolutionProperties) = preSolution
		HideSolutionNode = FALSE
	EndGlobalSection
	GlobalSection(ExtensibilityGlobals) = postSolution
		SolutionGuid = {704BF6D1-0720-40DA-A13C-7AF48E987466}
	EndGlobalSection
EndGlobal
